{
  "name": "scoringmodel",
  "version": "1.0.0",
  "lockfileVersion": 2,
  "requires": true,
  "packages": {
    "": {
      "name": "scoringmodel",
      "version": "1.0.0",
      "license": "MIT",
      "dependencies": {
        "normal-distribution": "^1.1.1",
        "preact": "^10.5.14",
        "ts-gaussian": "^1.0.2"
      },
      "devDependencies": {
        "typescript": "^4.4.2"
      }
    },
    "node_modules/normal-distribution": {
      "version": "1.1.1",
      "resolved": "https://registry.npmjs.org/normal-distribution/-/normal-distribution-1.1.1.tgz",
      "integrity": "sha512-lyz7LXBhjiEdAw234zTz05EohshNCORpC0duBQeaKzZIeTE6oDfpcBocEXbZTFv3GkoiMPz9mhgUuv5mMc64uA=="
    },
    "node_modules/preact": {
      "version": "10.5.14",
      "resolved": "https://registry.npmjs.org/preact/-/preact-10.5.14.tgz",
      "integrity": "sha512-KojoltCrshZ099ksUZ2OQKfbH66uquFoxHSbnwKbTJHeQNvx42EmC7wQVWNuDt6vC5s3nudRHFtKbpY4ijKlaQ==",
      "funding": {
        "type": "opencollective",
        "url": "https://opencollective.com/preact"
      }
    },
    "node_modules/ts-gaussian": {
      "version": "1.0.2",
      "resolved": "https://registry.npmjs.org/ts-gaussian/-/ts-gaussian-1.0.2.tgz",
      "integrity": "sha512-DLv3mrpy9z0KvLttGSotwHs+E39ItrlNGydFzhVVIXLI+zR+ezb6yncpb78ioE1zauHhU0JcIMK4JCUOwAmvYw==",
      "engines": {
        "node": ">=6.0.0"
      }
    },
    "node_modules/typescript": {
      "version": "4.4.2",
      "resolved": "https://registry.npmjs.org/typescript/-/typescript-4.4.2.tgz",
      "integrity": "sha512-gzP+t5W4hdy4c+68bfcv0t400HVJMMd2+H9B7gae1nQlBzCqvrXX+6GL/b3GAgyTH966pzrZ70/fRjwAtZksSQ==",
      "dev": true,
      "bin": {
        "tsc": "bin/tsc",
        "tsserver": "bin/tsserver"
      },
      "engines": {
        "node": ">=4.2.0"
      }
    }
  },
  "dependencies": {
    "normal-distribution": {
      "version": "1.1.1",
      "resolved": "https://registry.npmjs.org/normal-distribution/-/normal-distribution-1.1.1.tgz",
      "integrity": "sha512-lyz7LXBhjiEdAw234zTz05EohshNCORpC0duBQeaKzZIeTE6oDfpcBocEXbZTFv3GkoiMPz9mhgUuv5mMc64uA=="
    },
    "preact": {
      "version": "10.5.14",
      "resolved": "https://registry.npmjs.org/preact/-/preact-10.5.14.tgz",
      "integrity": "sha512-KojoltCrshZ099ksUZ2OQKfbH66uquFoxHSbnwKbTJHeQNvx42EmC7wQVWNuDt6vC5s3nudRHFtKbpY4ijKlaQ=="
    },
    "ts-gaussian": {
      "version": "1.0.2",
      "resolved": "https://registry.npmjs.org/ts-gaussian/-/ts-gaussian-1.0.2.tgz",
      "integrity": "sha512-DLv3mrpy9z0KvLttGSotwHs+E39ItrlNGydFzhVVIXLI+zR+ezb6yncpb78ioE1zauHhU0JcIMK4JCUOwAmvYw=="
    },
    "typescript": {
      "version": "4.4.2",
      "resolved": "https://registry.npmjs.org/typescript/-/typescript-4.4.2.tgz",
      "integrity": "sha512-gzP+t5W4hdy4c+68bfcv0t400HVJMMd2+H9B7gae1nQlBzCqvrXX+6GL/b3GAgyTH966pzrZ70/fRjwAtZksSQ==",
      "dev": true
    }
  }
}
